
Microsoft Visual Studio Solution File, Format Version 12.00
# Visual Studio 15
VisualStudioVersion = 15.0.28307.168
MinimumVisualStudioVersion = 10.0.40219.1
Project("{9A19103F-16F7-4668-BE54-9A1E7A4F7556}") = "FWTL.Core", "FWTL.Core\FWTL.Core.csproj", "{A1260C8A-72EF-4F56-8FFD-10D65A7C41DF}"
EndProject
Project("{FAE04EC0-301F-11D3-BF4B-00C04F79EFBC}") = "FWTL.Infrastructure", "FWTL.Infrastructure\FWTL.Infrastructure.csproj", "{A0D6E895-CA1C-4BFB-B061-46D8D2381E7D}"
EndProject
Global
	GlobalSection(SolutionConfigurationPlatforms) = preSolution
		Debug|Any CPU = Debug|Any CPU
		Release|Any CPU = Release|Any CPU
	EndGlobalSection
	GlobalSection(ProjectConfigurationPlatforms) = postSolution
		{A1260C8A-72EF-4F56-8FFD-10D65A7C41DF}.Debug|Any CPU.ActiveCfg = Debug|Any CPU
		{A1260C8A-72EF-4F56-8FFD-10D65A7C41DF}.Debug|Any CPU.Build.0 = Debug|Any CPU
		{A1260C8A-72EF-4F56-8FFD-10D65A7C41DF}.Release|Any CPU.ActiveCfg = Release|Any CPU
		{A1260C8A-72EF-4F56-8FFD-10D65A7C41DF}.Release|Any CPU.Build.0 = Release|Any CPU
		{A0D6E895-CA1C-4BFB-B061-46D8D2381E7D}.Debug|Any CPU.ActiveCfg = Debug|Any CPU
		{A0D6E895-CA1C-4BFB-B061-46D8D2381E7D}.Debug|Any CPU.Build.0 = Debug|Any CPU
		{A0D6E895-CA1C-4BFB-B061-46D8D2381E7D}.Release|Any CPU.ActiveCfg = Release|Any CPU
		{A0D6E895-CA1C-4BFB-B061-46D8D2381E7D}.Release|Any CPU.Build.0 = Release|Any CPU
	EndGlobalSection
	GlobalSection(SolutionProperties) = preSolution
		HideSolutionNode = FALSE
	EndGlobalSection
	GlobalSection(ExtensibilityGlobals) = postSolution
		SolutionGuid = {EA435D8B-26D1-4CBF-A533-C549454340C0}
	EndGlobalSection
EndGlobal
