
Microsoft Visual Studio Solution File, Format Version 12.00
# Visual Studio 15
VisualStudioVersion = 15.0.28307.168
MinimumVisualStudioVersion = 10.0.40219.1
Project("{9A19103F-16F7-4668-BE54-9A1E7A4F7556}") = "FWTL.Infrastructure.Common", "FWTL.Infrastructure.Common\FWTL.Infrastructure.Common.csproj", "{9B945EC9-056C-4229-B08E-93A6C2E8E67A}"
EndProject
Project("{9A19103F-16F7-4668-BE54-9A1E7A4F7556}") = "FWTL.Core.Common", "FWTL.Core.Common\FWTL.Core.Common.csproj", "{9F527D77-E13C-4193-9F2E-55A539848AC1}"
EndProject
Project("{9A19103F-16F7-4668-BE54-9A1E7A4F7556}") = "Tests", "Tests\Tests.csproj", "{B4BF51FF-CF90-4A42-9435-65899886CD6F}"
EndProject
Global
	GlobalSection(SolutionConfigurationPlatforms) = preSolution
		Debug|Any CPU = Debug|Any CPU
		Release|Any CPU = Release|Any CPU
	EndGlobalSection
	GlobalSection(ProjectConfigurationPlatforms) = postSolution
		{9B945EC9-056C-4229-B08E-93A6C2E8E67A}.Debug|Any CPU.ActiveCfg = Debug|Any CPU
		{9B945EC9-056C-4229-B08E-93A6C2E8E67A}.Debug|Any CPU.Build.0 = Debug|Any CPU
		{9B945EC9-056C-4229-B08E-93A6C2E8E67A}.Release|Any CPU.ActiveCfg = Release|Any CPU
		{9B945EC9-056C-4229-B08E-93A6C2E8E67A}.Release|Any CPU.Build.0 = Release|Any CPU
		{9F527D77-E13C-4193-9F2E-55A539848AC1}.Debug|Any CPU.ActiveCfg = Debug|Any CPU
		{9F527D77-E13C-4193-9F2E-55A539848AC1}.Debug|Any CPU.Build.0 = Debug|Any CPU
		{9F527D77-E13C-4193-9F2E-55A539848AC1}.Release|Any CPU.ActiveCfg = Release|Any CPU
		{9F527D77-E13C-4193-9F2E-55A539848AC1}.Release|Any CPU.Build.0 = Release|Any CPU
		{B4BF51FF-CF90-4A42-9435-65899886CD6F}.Debug|Any CPU.ActiveCfg = Debug|Any CPU
		{B4BF51FF-CF90-4A42-9435-65899886CD6F}.Debug|Any CPU.Build.0 = Debug|Any CPU
		{B4BF51FF-CF90-4A42-9435-65899886CD6F}.Release|Any CPU.ActiveCfg = Release|Any CPU
		{B4BF51FF-CF90-4A42-9435-65899886CD6F}.Release|Any CPU.Build.0 = Release|Any CPU
	EndGlobalSection
	GlobalSection(SolutionProperties) = preSolution
		HideSolutionNode = FALSE
	EndGlobalSection
	GlobalSection(ExtensibilityGlobals) = postSolution
		SolutionGuid = {EA435D8B-26D1-4CBF-A533-C549454340C0}
	EndGlobalSection
EndGlobal
